
Microsoft Visual Studio Solution File, Format Version 12.00
# Visual Studio 2013
VisualStudioVersion = 12.0.21005.1
MinimumVisualStudioVersion = 10.0.40219.1
Project("{2150E333-8FDC-42A3-9474-1A3956D46DE8}") = "1. Web", "1. Web", "{1D90108E-5C7E-4017-9AAF-4991548CCDBA}"
EndProject
Project("{2150E333-8FDC-42A3-9474-1A3956D46DE8}") = "2. Business Logic", "2. Business Logic", "{1814F651-11C0-4949-9210-B924A3A7970E}"
EndProject
Project("{2150E333-8FDC-42A3-9474-1A3956D46DE8}") = "3. Data Access", "3. Data Access", "{0700C5BA-A8B7-4248-899B-37FEA62E3AA6}"
EndProject
Project("{2150E333-8FDC-42A3-9474-1A3956D46DE8}") = "4. Transverse", "4. Transverse", "{609A12AC-C4CC-4C82-9153-19769AF51442}"
EndProject
Project("{2150E333-8FDC-42A3-9474-1A3956D46DE8}") = "5. Framework", "5. Framework", "{4AA50067-EEDF-4371-8B43-9B73844DA9D3}"
EndProject
Project("{FAE04EC0-301F-11D3-BF4B-00C04F79EFBC}") = "Framework.Caching", "Framework.Caching\Framework.Caching.csproj", "{A54179F4-8970-429F-AB1A-8067C2E69668}"
EndProject
Project("{FAE04EC0-301F-11D3-BF4B-00C04F79EFBC}") = "Framework.DataAccess.Contracts", "Framework.DataAccess.Contracts\Framework.DataAccess.Contracts.csproj", "{D62DE88A-8F87-4B30-B4E3-23E158626514}"
EndProject
Project("{FAE04EC0-301F-11D3-BF4B-00C04F79EFBC}") = "Framework.DataAccess.EntityFramework", "Framework.DataAccess.EntityFramework\Framework.DataAccess.EntityFramework.csproj", "{C4551FB5-B977-4DD7-8BEE-905F0245E49E}"
EndProject
Project("{FAE04EC0-301F-11D3-BF4B-00C04F79EFBC}") = "Framework.Datatable", "Framework.Datatable\Framework.Datatable.csproj", "{4B150FF4-6271-46F4-827B-69D84A08F2DB}"
EndProject
Project("{FAE04EC0-301F-11D3-BF4B-00C04F79EFBC}") = "Framework.DI.Contracts", "Framework.DI.Contracts\Framework.DI.Contracts.csproj", "{A3AD040F-95C6-4551-9B30-6A865E1B67C4}"
EndProject
Project("{FAE04EC0-301F-11D3-BF4B-00C04F79EFBC}") = "Framework.DI.Unity", "Framework.DI.Unity\Framework.DI.Unity.csproj", "{33BBC438-F6A7-4952-B975-7CBDB5824ADD}"
EndProject
Project("{FAE04EC0-301F-11D3-BF4B-00C04F79EFBC}") = "Framework.LinqSupport", "Framework.LinqSupport\Framework.LinqSupport.csproj", "{F8D34B45-1116-454B-A387-00962D321549}"
EndProject
Project("{FAE04EC0-301F-11D3-BF4B-00C04F79EFBC}") = "Framework.Logger.Contracts", "Framework.Logger.Contracts\Framework.Logger.Contracts.csproj", "{BB598103-B8CD-4635-8F2B-0D59C9B39AE1}"
EndProject
Project("{FAE04EC0-301F-11D3-BF4B-00C04F79EFBC}") = "Framework.Logger.Log4Net", "Framework.Logger.Log4Net\Framework.Logger.Log4Net.csproj", "{D5677135-186A-47CB-9392-38ABB4BE7048}"
EndProject
Project("{FAE04EC0-301F-11D3-BF4B-00C04F79EFBC}") = "Framework.Utility", "Framework.Utility\Framework.Utility.csproj", "{24657E6F-904E-4B46-8744-3649F5CBD6D9}"
EndProject
Project("{2150E333-8FDC-42A3-9474-1A3956D46DE8}") = ".nuget", ".nuget", "{318719F0-6522-49F7-A175-DC68B3C74B7B}"
	ProjectSection(SolutionItems) = preProject
		.nuget\NuGet.Config = .nuget\NuGet.Config
		.nuget\NuGet.exe = .nuget\NuGet.exe
		.nuget\NuGet.targets = .nuget\NuGet.targets
	EndProjectSection
EndProject
Project("{FAE04EC0-301F-11D3-BF4B-00C04F79EFBC}") = "Transverse", "Transverse\Transverse.csproj", "{3B896927-A46C-459E-8300-7476C076028B}"
EndProject
Project("{FAE04EC0-301F-11D3-BF4B-00C04F79EFBC}") = "DatabaseAccess", "DatabaseAccess\DatabaseAccess.csproj", "{0E819927-433E-41B7-A768-DAD1C6511974}"
EndProject
Project("{FAE04EC0-301F-11D3-BF4B-00C04F79EFBC}") = "BusinessLogic", "BusinessLogic\BusinessLogic.csproj", "{0282E428-B474-4462-93EC-0D59DB3E2CEB}"
EndProject
Project("{FAE04EC0-301F-11D3-BF4B-00C04F79EFBC}") = "Web", "Web\Web.csproj", "{6EE16337-40E7-4493-80FB-70FC4302345C}"
EndProject
Global
	GlobalSection(SolutionConfigurationPlatforms) = preSolution
		Debug|Any CPU = Debug|Any CPU
		Release|Any CPU = Release|Any CPU
	EndGlobalSection
	GlobalSection(ProjectConfigurationPlatforms) = postSolution
		{A54179F4-8970-429F-AB1A-8067C2E69668}.Debug|Any CPU.ActiveCfg = Debug|Any CPU
		{A54179F4-8970-429F-AB1A-8067C2E69668}.Debug|Any CPU.Build.0 = Debug|Any CPU
		{A54179F4-8970-429F-AB1A-8067C2E69668}.Release|Any CPU.ActiveCfg = Release|Any CPU
		{A54179F4-8970-429F-AB1A-8067C2E69668}.Release|Any CPU.Build.0 = Release|Any CPU
		{D62DE88A-8F87-4B30-B4E3-23E158626514}.Debug|Any CPU.ActiveCfg = Debug|Any CPU
		{D62DE88A-8F87-4B30-B4E3-23E158626514}.Debug|Any CPU.Build.0 = Debug|Any CPU
		{D62DE88A-8F87-4B30-B4E3-23E158626514}.Release|Any CPU.ActiveCfg = Release|Any CPU
		{D62DE88A-8F87-4B30-B4E3-23E158626514}.Release|Any CPU.Build.0 = Release|Any CPU
		{C4551FB5-B977-4DD7-8BEE-905F0245E49E}.Debug|Any CPU.ActiveCfg = Debug|Any CPU
		{C4551FB5-B977-4DD7-8BEE-905F0245E49E}.Debug|Any CPU.Build.0 = Debug|Any CPU
		{C4551FB5-B977-4DD7-8BEE-905F0245E49E}.Release|Any CPU.ActiveCfg = Release|Any CPU
		{C4551FB5-B977-4DD7-8BEE-905F0245E49E}.Release|Any CPU.Build.0 = Release|Any CPU
		{4B150FF4-6271-46F4-827B-69D84A08F2DB}.Debug|Any CPU.ActiveCfg = Debug|Any CPU
		{4B150FF4-6271-46F4-827B-69D84A08F2DB}.Debug|Any CPU.Build.0 = Debug|Any CPU
		{4B150FF4-6271-46F4-827B-69D84A08F2DB}.Release|Any CPU.ActiveCfg = Release|Any CPU
		{4B150FF4-6271-46F4-827B-69D84A08F2DB}.Release|Any CPU.Build.0 = Release|Any CPU
		{A3AD040F-95C6-4551-9B30-6A865E1B67C4}.Debug|Any CPU.ActiveCfg = Debug|Any CPU
		{A3AD040F-95C6-4551-9B30-6A865E1B67C4}.Debug|Any CPU.Build.0 = Debug|Any CPU
		{A3AD040F-95C6-4551-9B30-6A865E1B67C4}.Release|Any CPU.ActiveCfg = Release|Any CPU
		{A3AD040F-95C6-4551-9B30-6A865E1B67C4}.Release|Any CPU.Build.0 = Release|Any CPU
		{33BBC438-F6A7-4952-B975-7CBDB5824ADD}.Debug|Any CPU.ActiveCfg = Debug|Any CPU
		{33BBC438-F6A7-4952-B975-7CBDB5824ADD}.Debug|Any CPU.Build.0 = Debug|Any CPU
		{33BBC438-F6A7-4952-B975-7CBDB5824ADD}.Release|Any CPU.ActiveCfg = Release|Any CPU
		{33BBC438-F6A7-4952-B975-7CBDB5824ADD}.Release|Any CPU.Build.0 = Release|Any CPU
		{F8D34B45-1116-454B-A387-00962D321549}.Debug|Any CPU.ActiveCfg = Debug|Any CPU
		{F8D34B45-1116-454B-A387-00962D321549}.Debug|Any CPU.Build.0 = Debug|Any CPU
		{F8D34B45-1116-454B-A387-00962D321549}.Release|Any CPU.ActiveCfg = Release|Any CPU
		{F8D34B45-1116-454B-A387-00962D321549}.Release|Any CPU.Build.0 = Release|Any CPU
		{BB598103-B8CD-4635-8F2B-0D59C9B39AE1}.Debug|Any CPU.ActiveCfg = Debug|Any CPU
		{BB598103-B8CD-4635-8F2B-0D59C9B39AE1}.Debug|Any CPU.Build.0 = Debug|Any CPU
		{BB598103-B8CD-4635-8F2B-0D59C9B39AE1}.Release|Any CPU.ActiveCfg = Release|Any CPU
		{BB598103-B8CD-4635-8F2B-0D59C9B39AE1}.Release|Any CPU.Build.0 = Release|Any CPU
		{D5677135-186A-47CB-9392-38ABB4BE7048}.Debug|Any CPU.ActiveCfg = Debug|Any CPU
		{D5677135-186A-47CB-9392-38ABB4BE7048}.Debug|Any CPU.Build.0 = Debug|Any CPU
		{D5677135-186A-47CB-9392-38ABB4BE7048}.Release|Any CPU.ActiveCfg = Release|Any CPU
		{D5677135-186A-47CB-9392-38ABB4BE7048}.Release|Any CPU.Build.0 = Release|Any CPU
		{24657E6F-904E-4B46-8744-3649F5CBD6D9}.Debug|Any CPU.ActiveCfg = Debug|Any CPU
		{24657E6F-904E-4B46-8744-3649F5CBD6D9}.Debug|Any CPU.Build.0 = Debug|Any CPU
		{24657E6F-904E-4B46-8744-3649F5CBD6D9}.Release|Any CPU.ActiveCfg = Release|Any CPU
		{24657E6F-904E-4B46-8744-3649F5CBD6D9}.Release|Any CPU.Build.0 = Release|Any CPU
		{3B896927-A46C-459E-8300-7476C076028B}.Debug|Any CPU.ActiveCfg = Debug|Any CPU
		{3B896927-A46C-459E-8300-7476C076028B}.Debug|Any CPU.Build.0 = Debug|Any CPU
		{3B896927-A46C-459E-8300-7476C076028B}.Release|Any CPU.ActiveCfg = Release|Any CPU
		{3B896927-A46C-459E-8300-7476C076028B}.Release|Any CPU.Build.0 = Release|Any CPU
		{0E819927-433E-41B7-A768-DAD1C6511974}.Debug|Any CPU.ActiveCfg = Debug|Any CPU
		{0E819927-433E-41B7-A768-DAD1C6511974}.Debug|Any CPU.Build.0 = Debug|Any CPU
		{0E819927-433E-41B7-A768-DAD1C6511974}.Release|Any CPU.ActiveCfg = Release|Any CPU
		{0E819927-433E-41B7-A768-DAD1C6511974}.Release|Any CPU.Build.0 = Release|Any CPU
		{0282E428-B474-4462-93EC-0D59DB3E2CEB}.Debug|Any CPU.ActiveCfg = Debug|Any CPU
		{0282E428-B474-4462-93EC-0D59DB3E2CEB}.Debug|Any CPU.Build.0 = Debug|Any CPU
		{0282E428-B474-4462-93EC-0D59DB3E2CEB}.Release|Any CPU.ActiveCfg = Release|Any CPU
		{0282E428-B474-4462-93EC-0D59DB3E2CEB}.Release|Any CPU.Build.0 = Release|Any CPU
		{6EE16337-40E7-4493-80FB-70FC4302345C}.Debug|Any CPU.ActiveCfg = Debug|Any CPU
		{6EE16337-40E7-4493-80FB-70FC4302345C}.Debug|Any CPU.Build.0 = Debug|Any CPU
		{6EE16337-40E7-4493-80FB-70FC4302345C}.Release|Any CPU.ActiveCfg = Release|Any CPU
		{6EE16337-40E7-4493-80FB-70FC4302345C}.Release|Any CPU.Build.0 = Release|Any CPU
	EndGlobalSection
	GlobalSection(SolutionProperties) = preSolution
		HideSolutionNode = FALSE
	EndGlobalSection
	GlobalSection(NestedProjects) = preSolution
		{6EE16337-40E7-4493-80FB-70FC4302345C} = {1D90108E-5C7E-4017-9AAF-4991548CCDBA}
		{0282E428-B474-4462-93EC-0D59DB3E2CEB} = {1814F651-11C0-4949-9210-B924A3A7970E}
		{0E819927-433E-41B7-A768-DAD1C6511974} = {0700C5BA-A8B7-4248-899B-37FEA62E3AA6}
		{3B896927-A46C-459E-8300-7476C076028B} = {609A12AC-C4CC-4C82-9153-19769AF51442}
		{A54179F4-8970-429F-AB1A-8067C2E69668} = {4AA50067-EEDF-4371-8B43-9B73844DA9D3}
		{D62DE88A-8F87-4B30-B4E3-23E158626514} = {4AA50067-EEDF-4371-8B43-9B73844DA9D3}
		{C4551FB5-B977-4DD7-8BEE-905F0245E49E} = {4AA50067-EEDF-4371-8B43-9B73844DA9D3}
		{4B150FF4-6271-46F4-827B-69D84A08F2DB} = {4AA50067-EEDF-4371-8B43-9B73844DA9D3}
		{A3AD040F-95C6-4551-9B30-6A865E1B67C4} = {4AA50067-EEDF-4371-8B43-9B73844DA9D3}
		{33BBC438-F6A7-4952-B975-7CBDB5824ADD} = {4AA50067-EEDF-4371-8B43-9B73844DA9D3}
		{F8D34B45-1116-454B-A387-00962D321549} = {4AA50067-EEDF-4371-8B43-9B73844DA9D3}
		{BB598103-B8CD-4635-8F2B-0D59C9B39AE1} = {4AA50067-EEDF-4371-8B43-9B73844DA9D3}
		{D5677135-186A-47CB-9392-38ABB4BE7048} = {4AA50067-EEDF-4371-8B43-9B73844DA9D3}
		{24657E6F-904E-4B46-8744-3649F5CBD6D9} = {4AA50067-EEDF-4371-8B43-9B73844DA9D3}
	EndGlobalSection
EndGlobal
